
Microsoft Visual Studio Solution File, Format Version 12.00
# Visual Studio Version 17
VisualStudioVersion = 17.13.35825.156
MinimumVisualStudioVersion = 10.0.40219.1
Project("{FAE04EC0-301F-11D3-BF4B-00C04F79EFBC}") = "W2G.EF", "W2G.EF\W2G.EF.csproj", "{DCB4D275-C207-46A3-B29F-2B23EA7308E0}"
EndProject
Project("{FAE04EC0-301F-11D3-BF4B-00C04F79EFBC}") = "W2G.CSNL", "W2G.CSNL\W2G.CSNL.csproj", "{0ECD4441-3E98-4EA5-813C-8EB65CD5E3CF}"
EndProject
Project("{FAE04EC0-301F-11D3-BF4B-00C04F79EFBC}") = "W2G.WPF", "W2G.WPF\W2G.WPF.csproj", "{A3424CEE-4297-4477-9040-5F7A51E7B170}"
EndProject
Global
	GlobalSection(SolutionConfigurationPlatforms) = preSolution
		Debug|Any CPU = Debug|Any CPU
		Release|Any CPU = Release|Any CPU
	EndGlobalSection
	GlobalSection(ProjectConfigurationPlatforms) = postSolution
		{DCB4D275-C207-46A3-B29F-2B23EA7308E0}.Debug|Any CPU.ActiveCfg = Debug|Any CPU
		{DCB4D275-C207-46A3-B29F-2B23EA7308E0}.Debug|Any CPU.Build.0 = Debug|Any CPU
		{DCB4D275-C207-46A3-B29F-2B23EA7308E0}.Release|Any CPU.ActiveCfg = Release|Any CPU
		{DCB4D275-C207-46A3-B29F-2B23EA7308E0}.Release|Any CPU.Build.0 = Release|Any CPU
		{0ECD4441-3E98-4EA5-813C-8EB65CD5E3CF}.Debug|Any CPU.ActiveCfg = Debug|Any CPU
		{0ECD4441-3E98-4EA5-813C-8EB65CD5E3CF}.Debug|Any CPU.Build.0 = Debug|Any CPU
		{0ECD4441-3E98-4EA5-813C-8EB65CD5E3CF}.Release|Any CPU.ActiveCfg = Release|Any CPU
		{0ECD4441-3E98-4EA5-813C-8EB65CD5E3CF}.Release|Any CPU.Build.0 = Release|Any CPU
		{A3424CEE-4297-4477-9040-5F7A51E7B170}.Debug|Any CPU.ActiveCfg = Debug|Any CPU
		{A3424CEE-4297-4477-9040-5F7A51E7B170}.Debug|Any CPU.Build.0 = Debug|Any CPU
		{A3424CEE-4297-4477-9040-5F7A51E7B170}.Release|Any CPU.ActiveCfg = Release|Any CPU
		{A3424CEE-4297-4477-9040-5F7A51E7B170}.Release|Any CPU.Build.0 = Release|Any CPU
	EndGlobalSection
	GlobalSection(SolutionProperties) = preSolution
		HideSolutionNode = FALSE
	EndGlobalSection
	GlobalSection(ExtensibilityGlobals) = postSolution
		SolutionGuid = {51B44CFB-FE6D-403F-8819-E68FDF09A4C8}
	EndGlobalSection
EndGlobal
